
Microsoft Visual Studio Solution File, Format Version 12.00
# Visual Studio Version 17
VisualStudioVersion = 17.5.33627.172
MinimumVisualStudioVersion = 10.0.40219.1
Project("{FAE04EC0-301F-11D3-BF4B-00C04F79EFBC}") = "OgrenciMvc", "OgrenciMvc\OgrenciMvc.csproj", "{720B744F-FD80-4201-B7BC-05444F03EAF1}"
EndProject
Global
	GlobalSection(SolutionConfigurationPlatforms) = preSolution
		Debug|Any CPU = Debug|Any CPU
		Release|Any CPU = Release|Any CPU
	EndGlobalSection
	GlobalSection(ProjectConfigurationPlatforms) = postSolution
		{720B744F-FD80-4201-B7BC-05444F03EAF1}.Debug|Any CPU.ActiveCfg = Debug|Any CPU
		{720B744F-FD80-4201-B7BC-05444F03EAF1}.Debug|Any CPU.Build.0 = Debug|Any CPU
		{720B744F-FD80-4201-B7BC-05444F03EAF1}.Release|Any CPU.ActiveCfg = Release|Any CPU
		{720B744F-FD80-4201-B7BC-05444F03EAF1}.Release|Any CPU.Build.0 = Release|Any CPU
	EndGlobalSection
	GlobalSection(SolutionProperties) = preSolution
		HideSolutionNode = FALSE
	EndGlobalSection
	GlobalSection(ExtensibilityGlobals) = postSolution
		SolutionGuid = {12A22335-31C2-4635-BEB4-E53B1B478C05}
	EndGlobalSection
EndGlobal
